
Microsoft Visual Studio Solution File, Format Version 12.00
# Visual Studio Version 16
VisualStudioVersion = 16.0.30406.217
MinimumVisualStudioVersion = 10.0.40219.1
Project("{FAE04EC0-301F-11D3-BF4B-00C04F79EFBC}") = "PokeTrack.WebAPI", "PokeTrack.WebAPI\PokeTrack.WebAPI.csproj", "{5ED6B5B9-A637-4060-89DF-938B5AA70423}"
EndProject
Project("{FAE04EC0-301F-11D3-BF4B-00C04F79EFBC}") = "PokeTrack.Data", "PokeTrack.Data\PokeTrack.Data.csproj", "{4CEA2F79-FD88-4CF8-9D99-8B07379BE5F9}"
EndProject
Project("{FAE04EC0-301F-11D3-BF4B-00C04F79EFBC}") = "PokeTrack.Models", "PokeTrack.Models\PokeTrack.Models.csproj", "{0855819D-4F81-4A8A-9EC6-551A4425C924}"
EndProject
Project("{FAE04EC0-301F-11D3-BF4B-00C04F79EFBC}") = "PokeTrack.Services", "PokeTrack.Services\PokeTrack.Services.csproj", "{A5F81A43-D643-42BE-8491-10C4614CF3CE}"
EndProject
Global
	GlobalSection(SolutionConfigurationPlatforms) = preSolution
		Debug|Any CPU = Debug|Any CPU
		Release|Any CPU = Release|Any CPU
	EndGlobalSection
	GlobalSection(ProjectConfigurationPlatforms) = postSolution
		{5ED6B5B9-A637-4060-89DF-938B5AA70423}.Debug|Any CPU.ActiveCfg = Debug|Any CPU
		{5ED6B5B9-A637-4060-89DF-938B5AA70423}.Debug|Any CPU.Build.0 = Debug|Any CPU
		{5ED6B5B9-A637-4060-89DF-938B5AA70423}.Release|Any CPU.ActiveCfg = Release|Any CPU
		{5ED6B5B9-A637-4060-89DF-938B5AA70423}.Release|Any CPU.Build.0 = Release|Any CPU
		{4CEA2F79-FD88-4CF8-9D99-8B07379BE5F9}.Debug|Any CPU.ActiveCfg = Debug|Any CPU
		{4CEA2F79-FD88-4CF8-9D99-8B07379BE5F9}.Debug|Any CPU.Build.0 = Debug|Any CPU
		{4CEA2F79-FD88-4CF8-9D99-8B07379BE5F9}.Release|Any CPU.ActiveCfg = Release|Any CPU
		{4CEA2F79-FD88-4CF8-9D99-8B07379BE5F9}.Release|Any CPU.Build.0 = Release|Any CPU
		{0855819D-4F81-4A8A-9EC6-551A4425C924}.Debug|Any CPU.ActiveCfg = Debug|Any CPU
		{0855819D-4F81-4A8A-9EC6-551A4425C924}.Debug|Any CPU.Build.0 = Debug|Any CPU
		{0855819D-4F81-4A8A-9EC6-551A4425C924}.Release|Any CPU.ActiveCfg = Release|Any CPU
		{0855819D-4F81-4A8A-9EC6-551A4425C924}.Release|Any CPU.Build.0 = Release|Any CPU
		{A5F81A43-D643-42BE-8491-10C4614CF3CE}.Debug|Any CPU.ActiveCfg = Debug|Any CPU
		{A5F81A43-D643-42BE-8491-10C4614CF3CE}.Debug|Any CPU.Build.0 = Debug|Any CPU
		{A5F81A43-D643-42BE-8491-10C4614CF3CE}.Release|Any CPU.ActiveCfg = Release|Any CPU
		{A5F81A43-D643-42BE-8491-10C4614CF3CE}.Release|Any CPU.Build.0 = Release|Any CPU
	EndGlobalSection
	GlobalSection(SolutionProperties) = preSolution
		HideSolutionNode = FALSE
	EndGlobalSection
	GlobalSection(ExtensibilityGlobals) = postSolution
		SolutionGuid = {F153966C-85C2-410D-9AF1-E7081E124AB7}
	EndGlobalSection
EndGlobal
